
Microsoft Visual Studio Solution File, Format Version 12.00
# Visual Studio Version 17
VisualStudioVersion = 17.1.32210.238
MinimumVisualStudioVersion = 10.0.40219.1
Project("{FAE04EC0-301F-11D3-BF4B-00C04F79EFBC}") = "HRSystem", "HRSystem\HRSystem.csproj", "{12ED5603-52D6-433B-ABF8-DA404CB51E57}"
EndProject
Global
	GlobalSection(SolutionConfigurationPlatforms) = preSolution
		Debug|Any CPU = Debug|Any CPU
		Release|Any CPU = Release|Any CPU
	EndGlobalSection
	GlobalSection(ProjectConfigurationPlatforms) = postSolution
		{12ED5603-52D6-433B-ABF8-DA404CB51E57}.Debug|Any CPU.ActiveCfg = Debug|Any CPU
		{12ED5603-52D6-433B-ABF8-DA404CB51E57}.Debug|Any CPU.Build.0 = Debug|Any CPU
		{12ED5603-52D6-433B-ABF8-DA404CB51E57}.Release|Any CPU.ActiveCfg = Release|Any CPU
		{12ED5603-52D6-433B-ABF8-DA404CB51E57}.Release|Any CPU.Build.0 = Release|Any CPU
	EndGlobalSection
	GlobalSection(SolutionProperties) = preSolution
		HideSolutionNode = FALSE
	EndGlobalSection
	GlobalSection(ExtensibilityGlobals) = postSolution
		SolutionGuid = {3DEB6B91-8AE3-4986-B227-FDBA9EB653DC}
	EndGlobalSection
EndGlobal
